
Microsoft Visual Studio Solution File, Format Version 12.00
# Visual Studio Version 16
VisualStudioVersion = 16.0.30406.217
MinimumVisualStudioVersion = 15.0.26124.0
Project("{9A19103F-16F7-4668-BE54-9A1E7A4F7556}") = "FactoryPattern", "FactoryPattern\FactoryPattern.csproj", "{6F7E1FD0-3187-407C-B0F8-3932B1FF919F}"
EndProject
Project("{FAE04EC0-301F-11D3-BF4B-00C04F79EFBC}") = "BuilderPattern", "BuilderPattern\BuilderPattern.csproj", "{6B8FBE9C-918E-439E-8819-C5346694F564}"
EndProject
Project("{FAE04EC0-301F-11D3-BF4B-00C04F79EFBC}") = "PatternTests", "PatternTests\PatternTests.csproj", "{2F843460-6A10-433A-9F12-EDCD6A3BAC6B}"
EndProject
Global
	GlobalSection(SolutionConfigurationPlatforms) = preSolution
		Debug|Any CPU = Debug|Any CPU
		Debug|x64 = Debug|x64
		Debug|x86 = Debug|x86
		Release|Any CPU = Release|Any CPU
		Release|x64 = Release|x64
		Release|x86 = Release|x86
	EndGlobalSection
	GlobalSection(ProjectConfigurationPlatforms) = postSolution
		{6F7E1FD0-3187-407C-B0F8-3932B1FF919F}.Debug|Any CPU.ActiveCfg = Debug|Any CPU
		{6F7E1FD0-3187-407C-B0F8-3932B1FF919F}.Debug|Any CPU.Build.0 = Debug|Any CPU
		{6F7E1FD0-3187-407C-B0F8-3932B1FF919F}.Debug|x64.ActiveCfg = Debug|Any CPU
		{6F7E1FD0-3187-407C-B0F8-3932B1FF919F}.Debug|x64.Build.0 = Debug|Any CPU
		{6F7E1FD0-3187-407C-B0F8-3932B1FF919F}.Debug|x86.ActiveCfg = Debug|Any CPU
		{6F7E1FD0-3187-407C-B0F8-3932B1FF919F}.Debug|x86.Build.0 = Debug|Any CPU
		{6F7E1FD0-3187-407C-B0F8-3932B1FF919F}.Release|Any CPU.ActiveCfg = Release|Any CPU
		{6F7E1FD0-3187-407C-B0F8-3932B1FF919F}.Release|Any CPU.Build.0 = Release|Any CPU
		{6F7E1FD0-3187-407C-B0F8-3932B1FF919F}.Release|x64.ActiveCfg = Release|Any CPU
		{6F7E1FD0-3187-407C-B0F8-3932B1FF919F}.Release|x64.Build.0 = Release|Any CPU
		{6F7E1FD0-3187-407C-B0F8-3932B1FF919F}.Release|x86.ActiveCfg = Release|Any CPU
		{6F7E1FD0-3187-407C-B0F8-3932B1FF919F}.Release|x86.Build.0 = Release|Any CPU
		{6B8FBE9C-918E-439E-8819-C5346694F564}.Debug|Any CPU.ActiveCfg = Debug|Any CPU
		{6B8FBE9C-918E-439E-8819-C5346694F564}.Debug|Any CPU.Build.0 = Debug|Any CPU
		{6B8FBE9C-918E-439E-8819-C5346694F564}.Debug|x64.ActiveCfg = Debug|Any CPU
		{6B8FBE9C-918E-439E-8819-C5346694F564}.Debug|x64.Build.0 = Debug|Any CPU
		{6B8FBE9C-918E-439E-8819-C5346694F564}.Debug|x86.ActiveCfg = Debug|Any CPU
		{6B8FBE9C-918E-439E-8819-C5346694F564}.Debug|x86.Build.0 = Debug|Any CPU
		{6B8FBE9C-918E-439E-8819-C5346694F564}.Release|Any CPU.ActiveCfg = Release|Any CPU
		{6B8FBE9C-918E-439E-8819-C5346694F564}.Release|Any CPU.Build.0 = Release|Any CPU
		{6B8FBE9C-918E-439E-8819-C5346694F564}.Release|x64.ActiveCfg = Release|Any CPU
		{6B8FBE9C-918E-439E-8819-C5346694F564}.Release|x64.Build.0 = Release|Any CPU
		{6B8FBE9C-918E-439E-8819-C5346694F564}.Release|x86.ActiveCfg = Release|Any CPU
		{6B8FBE9C-918E-439E-8819-C5346694F564}.Release|x86.Build.0 = Release|Any CPU
		{2F843460-6A10-433A-9F12-EDCD6A3BAC6B}.Debug|Any CPU.ActiveCfg = Debug|Any CPU
		{2F843460-6A10-433A-9F12-EDCD6A3BAC6B}.Debug|Any CPU.Build.0 = Debug|Any CPU
		{2F843460-6A10-433A-9F12-EDCD6A3BAC6B}.Debug|x64.ActiveCfg = Debug|Any CPU
		{2F843460-6A10-433A-9F12-EDCD6A3BAC6B}.Debug|x64.Build.0 = Debug|Any CPU
		{2F843460-6A10-433A-9F12-EDCD6A3BAC6B}.Debug|x86.ActiveCfg = Debug|Any CPU
		{2F843460-6A10-433A-9F12-EDCD6A3BAC6B}.Debug|x86.Build.0 = Debug|Any CPU
		{2F843460-6A10-433A-9F12-EDCD6A3BAC6B}.Release|Any CPU.ActiveCfg = Release|Any CPU
		{2F843460-6A10-433A-9F12-EDCD6A3BAC6B}.Release|Any CPU.Build.0 = Release|Any CPU
		{2F843460-6A10-433A-9F12-EDCD6A3BAC6B}.Release|x64.ActiveCfg = Release|Any CPU
		{2F843460-6A10-433A-9F12-EDCD6A3BAC6B}.Release|x64.Build.0 = Release|Any CPU
		{2F843460-6A10-433A-9F12-EDCD6A3BAC6B}.Release|x86.ActiveCfg = Release|Any CPU
		{2F843460-6A10-433A-9F12-EDCD6A3BAC6B}.Release|x86.Build.0 = Release|Any CPU
	EndGlobalSection
	GlobalSection(SolutionProperties) = preSolution
		HideSolutionNode = FALSE
	EndGlobalSection
	GlobalSection(ExtensibilityGlobals) = postSolution
		SolutionGuid = {162FA595-CCD5-4892-86FA-07470F01C145}
	EndGlobalSection
EndGlobal
